
Microsoft Visual Studio Solution File, Format Version 12.00
# Visual Studio 2013
VisualStudioVersion = 12.0.21005.1
MinimumVisualStudioVersion = 10.0.40219.1
Project("{FAE04EC0-301F-11D3-BF4B-00C04F79EFBC}") = "Encryption Tool", "Encryption Tool\Encryption Tool.csproj", "{3979DC9A-8AB0-4719-9F24-31552768116D}"
EndProject
Project("{FAE04EC0-301F-11D3-BF4B-00C04F79EFBC}") = "UnitTestProject1", "UnitTestProject1\UnitTestProject1.csproj", "{D5E1B934-2308-4C72-BA92-1D85E6B4A40E}"
EndProject
Global
	GlobalSection(SolutionConfigurationPlatforms) = preSolution
		Debug|Any CPU = Debug|Any CPU
		Release|Any CPU = Release|Any CPU
	EndGlobalSection
	GlobalSection(ProjectConfigurationPlatforms) = postSolution
		{3979DC9A-8AB0-4719-9F24-31552768116D}.Debug|Any CPU.ActiveCfg = Debug|Any CPU
		{3979DC9A-8AB0-4719-9F24-31552768116D}.Debug|Any CPU.Build.0 = Debug|Any CPU
		{3979DC9A-8AB0-4719-9F24-31552768116D}.Release|Any CPU.ActiveCfg = Release|Any CPU
		{3979DC9A-8AB0-4719-9F24-31552768116D}.Release|Any CPU.Build.0 = Release|Any CPU
		{D5E1B934-2308-4C72-BA92-1D85E6B4A40E}.Debug|Any CPU.ActiveCfg = Debug|Any CPU
		{D5E1B934-2308-4C72-BA92-1D85E6B4A40E}.Debug|Any CPU.Build.0 = Debug|Any CPU
		{D5E1B934-2308-4C72-BA92-1D85E6B4A40E}.Release|Any CPU.ActiveCfg = Release|Any CPU
		{D5E1B934-2308-4C72-BA92-1D85E6B4A40E}.Release|Any CPU.Build.0 = Release|Any CPU
	EndGlobalSection
	GlobalSection(SolutionProperties) = preSolution
		HideSolutionNode = FALSE
	EndGlobalSection
EndGlobal
