
Microsoft Visual Studio Solution File, Format Version 12.00
# Visual Studio 2013
VisualStudioVersion = 12.0.21005.1
MinimumVisualStudioVersion = 10.0.40219.1
Project("{FAE04EC0-301F-11D3-BF4B-00C04F79EFBC}") = "Fire Alarm", "Fire Alarm\Fire Alarm.csproj", "{3F8A7648-EC42-4809-A9B1-EA29ED56A2BA}"
EndProject
Global
	GlobalSection(SolutionConfigurationPlatforms) = preSolution
		Debug|Any CPU = Debug|Any CPU
		Release|Any CPU = Release|Any CPU
	EndGlobalSection
	GlobalSection(ProjectConfigurationPlatforms) = postSolution
		{3F8A7648-EC42-4809-A9B1-EA29ED56A2BA}.Debug|Any CPU.ActiveCfg = Debug|Any CPU
		{3F8A7648-EC42-4809-A9B1-EA29ED56A2BA}.Debug|Any CPU.Build.0 = Debug|Any CPU
		{3F8A7648-EC42-4809-A9B1-EA29ED56A2BA}.Release|Any CPU.ActiveCfg = Release|Any CPU
		{3F8A7648-EC42-4809-A9B1-EA29ED56A2BA}.Release|Any CPU.Build.0 = Release|Any CPU
	EndGlobalSection
	GlobalSection(SolutionProperties) = preSolution
		HideSolutionNode = FALSE
	EndGlobalSection
EndGlobal
