
Microsoft Visual Studio Solution File, Format Version 12.00
# Visual Studio 2013
VisualStudioVersion = 12.0.21005.1
MinimumVisualStudioVersion = 10.0.40219.1
Project("{FAE04EC0-301F-11D3-BF4B-00C04F79EFBC}") = "Weather Station", "Weather Station\Weather Station.csproj", "{2935E1B8-241D-4746-B0F6-5E576008E083}"
EndProject
Project("{FAE04EC0-301F-11D3-BF4B-00C04F79EFBC}") = "UnitTestProject1", "UnitTestProject1\UnitTestProject1.csproj", "{096DFB1F-D791-459D-87AE-F29416DAF9A8}"
EndProject
Global
	GlobalSection(SolutionConfigurationPlatforms) = preSolution
		Debug|Any CPU = Debug|Any CPU
		Release|Any CPU = Release|Any CPU
	EndGlobalSection
	GlobalSection(ProjectConfigurationPlatforms) = postSolution
		{2935E1B8-241D-4746-B0F6-5E576008E083}.Debug|Any CPU.ActiveCfg = Debug|Any CPU
		{2935E1B8-241D-4746-B0F6-5E576008E083}.Debug|Any CPU.Build.0 = Debug|Any CPU
		{2935E1B8-241D-4746-B0F6-5E576008E083}.Release|Any CPU.ActiveCfg = Release|Any CPU
		{2935E1B8-241D-4746-B0F6-5E576008E083}.Release|Any CPU.Build.0 = Release|Any CPU
		{096DFB1F-D791-459D-87AE-F29416DAF9A8}.Debug|Any CPU.ActiveCfg = Debug|Any CPU
		{096DFB1F-D791-459D-87AE-F29416DAF9A8}.Debug|Any CPU.Build.0 = Debug|Any CPU
		{096DFB1F-D791-459D-87AE-F29416DAF9A8}.Release|Any CPU.ActiveCfg = Release|Any CPU
		{096DFB1F-D791-459D-87AE-F29416DAF9A8}.Release|Any CPU.Build.0 = Release|Any CPU
	EndGlobalSection
	GlobalSection(SolutionProperties) = preSolution
		HideSolutionNode = FALSE
	EndGlobalSection
EndGlobal
